# GENERATED FILE - DO NOT EDIT DIRECTLY
schema_version: 1

bundle:
  version: "0.1.0-dev"
  release_sequence: 0
  channel: "development"
  source_commit: "e62fc6883e1a15a5bf7a607251f3443085a69807"
  digest: "sha256:844fe5badbf54d056c6dc15195a660113b4f292bacb144fcbc0e28ba66162fc4"

projection:
  input_digest: "sha256:db95f5d38fc66ac0e52c0be507a3ad29ce30c1391eb367ab0f484cc0ba715ba3"
  output_digest: "sha256:6e98a74f68026120c6091d5ac4ba9414214ef85d51c91087ee57c9035c25139c"
  files:
    - path: ".gds/compiled-policy.json"
      digest: "sha256:3011b68764787a598f6c7ec54743060853822a00dec034d5d076020cab0e2c73"
