# GENERATED FILE - DO NOT EDIT DIRECTLY
schema_version: 1

bundle:
  version: "0.1.0-dev"
  release_sequence: 0
  channel: "development"
  source_commit: "bb9865d7d52e72787ad8f95ab7e70a0869d784aa"
  digest: "sha256:31aa33376c01ee1e31d5e4eaca3dfc10fef2bda18dcb35eaf8989051daea32ae"

projection:
  input_digest: "sha256:a280d44f0cbebe2625e42a556b8283e486d5da5fb477fdea0985eae86d32e534"
  output_digest: "sha256:6e98a74f68026120c6091d5ac4ba9414214ef85d51c91087ee57c9035c25139c"
  files:
    - path: ".gds/compiled-policy.json"
      digest: "sha256:3011b68764787a598f6c7ec54743060853822a00dec034d5d076020cab0e2c73"
